// !$*UTF8*$!
{
	archiveVersion = 1;
	classes = {
	};
	objectVersion = 46;
	objects = {

/* Begin PBXBuildFile section */
		6BC2E2BA1DADF842005F906F /* main.m in Sources */ = {isa = PBXBuildFile; fileRef = 6BC2E2B91DADF842005F906F /* main.m */; };
		6BC2E2BD1DADF842005F906F /* AppDelegate.m in Sources */ = {isa = PBXBuildFile; fileRef = 6BC2E2BC1DADF842005F906F /* AppDelegate.m */; };
		6BC2E2C01DADF842005F906F /* ViewController.m in Sources */ = {isa = PBXBuildFile; fileRef = 6BC2E2BF1DADF842005F906F /* ViewController.m */; };
		6BC2E2C31DADF842005F906F /* Main.storyboard in Resources */ = {isa = PBXBuildFile; fileRef = 6BC2E2C11DADF842005F906F /* Main.storyboard */; };
		6BC2E2C51DADF842005F906F /* Assets.xcassets in Resources */ = {isa = PBXBuildFile; fileRef = 6BC2E2C41DADF842005F906F /* Assets.xcassets */; };
		6BC2E2C81DADF842005F906F /* LaunchScreen.storyboard in Resources */ = {isa = PBXBuildFile; fileRef = 6BC2E2C61DADF842005F906F /* LaunchScreen.storyboard */; };
/* End PBXBuildFile section */

/* Begin PBXFileReference section */
		6BC2E2B51DADF842005F906F /* FTapCounter.app */ = {isa = PBXFileReference; explicitFileType = wrapper.application; includeInIndex = 0; path = FTapCounter.app; sourceTree = BUILT_PRODUCTS_DIR; };
		6BC2E2B91DADF842005F906F /* main.m */ = {isa = PBXFileReference; lastKnownFileType = sourcecode.c.objc; path = main.m; sourceTree = "<group>"; };
		6BC2E2BB1DADF842005F906F /* AppDelegate.h */ = {isa = PBXFileReference; lastKnownFileType = sourcecode.c.h; path = AppDelegate.h; sourceTree = "<group>"; };
		6BC2E2BC1DADF842005F906F /* AppDelegate.m */ = {isa = PBXFileReference; lastKnownFileType = sourcecode.c.objc; path = AppDelegate.m; sourceTree = "<group>"; };
		6BC2E2BE1DADF842005F906F /* ViewController.h */ = {isa = PBXFileReference; lastKnownFileType = sourcecode.c.h; path = ViewController.h; sourceTree = "<group>"; };
		6BC2E2BF1DADF842005F906F /* ViewController.m */ = {isa = PBXFileReference; lastKnownFileType = sourcecode.c.objc; path = ViewController.m; sourceTree = "<group>"; };
		6BC2E2C21DADF842005F906F /* Base */ = {isa = PBXFileReference; lastKnownFileType = file.storyboard; name = Base; path = Base.lproj/Main.storyboard; sourceTree = "<group>"; };
		6BC2E2C41DADF842005F906F /* Assets.xcassets */ = {isa = PBXFileReference; lastKnownFileType = folder.assetcatalog; path = Assets.xcassets; sourceTree = "<group>"; };
		6BC2E2C71DADF842005F906F /* Base */ = {isa = PBXFileReference; lastKnownFileType = file.storyboard; name = Base; path = Base.lproj/LaunchScreen.storyboard; sourceTree = "<group>"; };
		6BC2E2C91DADF842005F906F /* Info.plist */ = {isa = PBXFileReference; lastKnownFileType = text.plist.xml; path = Info.plist; sourceTree = "<group>"; };
/* End PBXFileReference section */

/* Begin PBXFrameworksBuildPhase section */
		6BC2E2B21DADF842005F906F /* Frameworks */ = {
			isa = PBXFrameworksBuildPhase;
			buildActionMask = 2147483647;
			files = (
			);
			runOnlyForDeploymentPostprocessing = 0;
		};
/* End PBXFrameworksBuildPhase section */

/* Begin PBXGroup section */
		6BC2E2AC1DADF842005F906F = {
			isa = PBXGroup;
			children = (
				6BC2E2B71DADF842005F906F /* FTapCounter */,
				6BC2E2B61DADF842005F906F /* Products */,
			);
			sourceTree = "<group>";
		};
		6BC2E2B61DADF842005F906F /* Products */ = {
			isa = PBXGroup;
			children = (
				6BC2E2B51DADF842005F906F /* FTapCounter.app */,
			);
			name = Products;
			sourceTree = "<group>";
		};
		6BC2E2B71DADF842005F906F /* FTapCounter */ = {
			isa = PBXGroup;
			children = (
				6BC2E2BB1DADF842005F906F /* AppDelegate.h */,
				6BC2E2BC1DADF842005F906F /* AppDelegate.m */,
				6BC2E2BE1DADF842005F906F /* ViewController.h */,
				6BC2E2BF1DADF842005F906F /* ViewController.m */,
				6BC2E2C11DADF842005F906F /* Main.storyboard */,
				6BC2E2C41DADF842005F906F /* Assets.xcassets */,
				6BC2E2C61DADF842005F906F /* LaunchScreen.storyboard */,
				6BC2E2C91DADF842005F906F /* Info.plist */,
				6BC2E2B81DADF842005F906F /* Supporting Files */,
			);
			path = FTapCounter;
			sourceTree = "<group>";
		};
		6BC2E2B81DADF842005F906F /* Supporting Files */ = {
			isa = PBXGroup;
			children = (
				6BC2E2B91DADF842005F906F /* main.m */,
			);
			name = "Supporting Files";
			sourceTree = "<group>";
		};
/* End PBXGroup section */

/* Begin PBXNativeTarget section */
		6BC2E2B41DADF842005F906F /* FTapCounter */ = {
			isa = PBXNativeTarget;
			buildConfigurationList = 6BC2E2CC1DADF842005F906F /* Build configuration list for PBXNativeTarget "FTapCounter" */;
			buildPhases = (
				6BC2E2B11DADF842005F906F /* Sources */,
				6BC2E2B21DADF842005F906F /* Frameworks */,
				6BC2E2B31DADF842005F906F /* Resources */,
			);
			buildRules = (
			);
			dependencies = (
			);
			name = FTapCounter;
			productName = FTapCounter;
			productReference = 6BC2E2B51DADF842005F906F /* FTapCounter.app */;
			productType = "com.apple.product-type.application";
		};
/* End PBXNativeTarget section */

/* Begin PBXProject section */
		6BC2E2AD1DADF842005F906F /* Project object */ = {
			isa = PBXProject;
			attributes = {
				LastUpgradeCheck = 0730;
				ORGANIZATIONNAME = farhanMirza;
				TargetAttributes = {
					6BC2E2B41DADF842005F906F = {
						CreatedOnToolsVersion = 7.3.1;
					};
				};
			};
			buildConfigurationList = 6BC2E2B01DADF842005F906F /* Build configuration list for PBXProject "FTapCounter" */;
			compatibilityVersion = "Xcode 3.2";
			developmentRegion = English;
			hasScannedForEncodings = 0;
			knownRegions = (
				en,
				Base,
			);
			mainGroup = 6BC2E2AC1DADF842005F906F;
			productRefGroup = 6BC2E2B61DADF842005F906F /* Products */;
			projectDirPath = "";
			projectRoot = "";
			targets = (
				6BC2E2B41DADF842005F906F /* FTapCounter */,
			);
		};
/* End PBXProject section */

/* Begin PBXResourcesBuildPhase section */
		6BC2E2B31DADF842005F906F /* Resources */ = {
			isa = PBXResourcesBuildPhase;
			buildActionMask = 2147483647;
			files = (
				6BC2E2C81DADF842005F906F /* LaunchScreen.storyboard in Resources */,
				6BC2E2C51DADF842005F906F /* Assets.xcassets in Resources */,
				6BC2E2C31DADF842005F906F /* Main.storyboard in Resources */,
			);
			runOnlyForDeploymentPostprocessing = 0;
		};
/* End PBXResourcesBuildPhase section */

/* Begin PBXSourcesBuildPhase section */
		6BC2E2B11DADF842005F906F /* Sources */ = {
			isa = PBXSourcesBuildPhase;
			buildActionMask = 2147483647;
			files = (
				6BC2E2C01DADF842005F906F /* ViewController.m in Sources */,
				6BC2E2BD1DADF842005F906F /* AppDelegate.m in Sources */,
				6BC2E2BA1DADF842005F906F /* main.m in Sources */,
			);
			runOnlyForDeploymentPostprocessing = 0;
		};
/* End PBXSourcesBuildPhase section */

/* Begin PBXVariantGroup section */
		6BC2E2C11DADF842005F906F /* Main.storyboard */ = {
			isa = PBXVariantGroup;
			children = (
				6BC2E2C21DADF842005F906F /* Base */,
			);
			name = Main.storyboard;
			sourceTree = "<group>";
		};
		6BC2E2C61DADF842005F906F /* LaunchScreen.storyboard */ = {
			isa = PBXVariantGroup;
			children = (
				6BC2E2C71DADF842005F906F /* Base */,
			);
			name = LaunchScreen.storyboard;
			sourceTree = "<group>";
		};
/* End PBXVariantGroup section */

/* Begin XCBuildConfiguration section */
		6BC2E2CA1DADF842005F906F /* Debug */ = {
			isa = XCBuildConfiguration;
			buildSettings = {
				ALWAYS_SEARCH_USER_PATHS = NO;
				CLANG_ANALYZER_NONNULL = YES;
				CLANG_CXX_LANGUAGE_STANDARD = "gnu++0x";
				CLANG_CXX_LIBRARY = "libc++";
				CLANG_ENABLE_MODULES = YES;
				CLANG_ENABLE_OBJC_ARC = YES;
				CLANG_WARN_BOOL_CONVERSION = YES;
				CLANG_WARN_CONSTANT_CONVERSION = YES;
				CLANG_WARN_DIRECT_OBJC_ISA_USAGE = YES_ERROR;
				CLANG_WARN_EMPTY_BODY = YES;
				CLANG_WARN_ENUM_CONVERSION = YES;
				CLANG_WARN_INT_CONVERSION = YES;
				CLANG_WARN_OBJC_ROOT_CLASS = YES_ERROR;
				CLANG_WARN_UNREACHABLE_CODE = YES;
				CLANG_WARN__DUPLICATE_METHOD_MATCH = YES;
				"CODE_SIGN_IDENTITY[sdk=iphoneos*]" = "iPhone Developer";
				COPY_PHASE_STRIP = NO;
				DEBUG_INFORMATION_FORMAT = dwarf;
				ENABLE_STRICT_OBJC_MSGSEND = YES;
				ENABLE_TESTABILITY = YES;
				GCC_C_LANGUAGE_STANDARD = gnu99;
				GCC_DYNAMIC_NO_PIC = NO;
				GCC_NO_COMMON_BLOCKS = YES;
				GCC_OPTIMIZATION_LEVEL = 0;
				GCC_PREPROCESSOR_DEFINITIONS = (
					"DEBUG=1",
					"$(inherited)",
				);
				GCC_WARN_64_TO_32_BIT_CONVERSION = YES;
				GCC_WARN_ABOUT_RETURN_TYPE = YES_ERROR;
				GCC_WARN_UNDECLARED_SELECTOR = YES;
				GCC_WARN_UNINITIALIZED_AUTOS = YES_AGGRESSIVE;
				GCC_WARN_UNUSED_FUNCTION = YES;
				GCC_WARN_UNUSED_VARIABLE = YES;
				IPHONEOS_DEPLOYMENT_TARGET = 9.3;
				MTL_ENABLE_DEBUG_INFO = YES;
				ONLY_ACTIVE_ARCH = YES;
				SDKROOT = iphoneos;
				TARGETED_DEVICE_FAMILY = "1,2";
			};
			name = Debug;
		};
		6BC2E2CB1DADF842005F906F /* Release */ = {
			isa = XCBuildConfiguration;
			buildSettings = {
				ALWAYS_SEARCH_USER_PATHS = NO;
				CLANG_ANALYZER_NONNULL = YES;
				CLANG_CXX_LANGUAGE_STANDARD = "gnu++0x";
				CLANG_CXX_LIBRARY = "libc++";
				CLANG_ENABLE_MODULES = YES;
				CLANG_ENABLE_OBJC_ARC = YES;
				CLANG_WARN_BOOL_CONVERSION = YES;
				CLANG_WARN_CONSTANT_CONVERSION = YES;
				CLANG_WARN_DIRECT_OBJC_ISA_USAGE = YES_ERROR;
				CLANG_WARN_EMPTY_BODY = YES;
				CLANG_WARN_ENUM_CONVERSION = YES;
				CLANG_WARN_INT_CONVERSION = YES;
				CLANG_WARN_OBJC_ROOT_CLASS = YES_ERROR;
				CLANG_WARN_UNREACHABLE_CODE = YES;
				CLANG_WARN__DUPLICATE_METHOD_MATCH = YES;
				"CODE_SIGN_IDENTITY[sdk=iphoneos*]" = "iPhone Developer";
				COPY_PHASE_STRIP = NO;
				DEBUG_INFORMATION_FORMAT = "dwarf-with-dsym";
				ENABLE_NS_ASSERTIONS = NO;
				ENABLE_STRICT_OBJC_MSGSEND = YES;
				GCC_C_LANGUAGE_STANDARD = gnu99;
				GCC_NO_COMMON_BLOCKS = YES;
				GCC_WARN_64_TO_32_BIT_CONVERSION = YES;
				GCC_WARN_ABOUT_RETURN_TYPE = YES_ERROR;
				GCC_WARN_UNDECLARED_SELECTOR = YES;
				GCC_WARN_UNINITIALIZED_AUTOS = YES_AGGRESSIVE;
				GCC_WARN_UNUSED_FUNCTION = YES;
				GCC_WARN_UNUSED_VARIABLE = YES;
				IPHONEOS_DEPLOYMENT_TARGET = 9.3;
				MTL_ENABLE_DEBUG_INFO = NO;
				SDKROOT = iphoneos;
				TARGETED_DEVICE_FAMILY = "1,2";
				VALIDATE_PRODUCT = YES;
			};
			name = Release;
		};
		6BC2E2CD1DADF842005F906F /* Debug */ = {
			isa = XCBuildConfiguration;
			buildSettings = {
				ASSETCATALOG_COMPILER_APPICON_NAME = AppIcon;
				INFOPLIST_FILE = FTapCounter/Info.plist;
				LD_RUNPATH_SEARCH_PATHS = "$(inherited) @executable_path/Frameworks";
				PRODUCT_BUNDLE_IDENTIFIER = com.farhanmirza.FTapCounter;
				PRODUCT_NAME = "$(TARGET_NAME)";
			};
			name = Debug;
		};
		6BC2E2CE1DADF842005F906F /* Release */ = {
			isa = XCBuildConfiguration;
			buildSettings = {
				ASSETCATALOG_COMPILER_APPICON_NAME = AppIcon;
				INFOPLIST_FILE = FTapCounter/Info.plist;
				LD_RUNPATH_SEARCH_PATHS = "$(inherited) @executable_path/Frameworks";
				PRODUCT_BUNDLE_IDENTIFIER = com.farhanmirza.FTapCounter;
				PRODUCT_NAME = "$(TARGET_NAME)";
			};
			name = Release;
		};
/* End XCBuildConfiguration section */

/* Begin XCConfigurationList section */
		6BC2E2B01DADF842005F906F /* Build configuration list for PBXProject "FTapCounter" */ = {
			isa = XCConfigurationList;
			buildConfigurations = (
				6BC2E2CA1DADF842005F906F /* Debug */,
				6BC2E2CB1DADF842005F906F /* Release */,
			);
			defaultConfigurationIsVisible = 0;
			defaultConfigurationName = Release;
		};
		6BC2E2CC1DADF842005F906F /* Build configuration list for PBXNativeTarget "FTapCounter" */ = {
			isa = XCConfigurationList;
			buildConfigurations = (
				6BC2E2CD1DADF842005F906F /* Debug */,
				6BC2E2CE1DADF842005F906F /* Release */,
			);
			defaultConfigurationIsVisible = 0;
		};
/* End XCConfigurationList section */
	};
	rootObject = 6BC2E2AD1DADF842005F906F /* Project object */;
}
